
Microsoft Visual Studio Solution File, Format Version 12.00
# Visual Studio Version 17
VisualStudioVersion = 17.7.34202.233
MinimumVisualStudioVersion = 10.0.40219.1
Project("{FAE04EC0-301F-11D3-BF4B-00C04F79EFBC}") = "Entities", "Entities\Entities.csproj", "{EE4E39DC-2AB0-4F6C-83CA-29D9D2F45C7B}"
EndProject
Project("{2150E333-8FDC-42A3-9474-1A3956D46DE8}") = "1 - Presentation", "1 - Presentation", "{DB00AA5E-C494-4DA9-8B49-A6298A21FEF4}"
EndProject
Project("{2150E333-8FDC-42A3-9474-1A3956D46DE8}") = "2 - Domain", "2 - Domain", "{D4FFAE9F-6109-469C-9C72-40BB577C6977}"
EndProject
Project("{2150E333-8FDC-42A3-9474-1A3956D46DE8}") = "3 - Infrastructure", "3 - Infrastructure", "{6150B3E1-6003-4974-ACB8-3663CE6591D4}"
EndProject
Project("{2150E333-8FDC-42A3-9474-1A3956D46DE8}") = "4 - Entities", "4 - Entities", "{7014EAB1-A156-410A-859F-860128CCC043}"
EndProject
Project("{2150E333-8FDC-42A3-9474-1A3956D46DE8}") = "5 - Helpers", "5 - Helpers", "{85AFDDF3-B8F1-42B2-9B9E-83CADF2C1222}"
EndProject
Project("{FAE04EC0-301F-11D3-BF4B-00C04F79EFBC}") = "Helpers", "Helpers\Helpers.csproj", "{03904464-C436-4609-89D4-8C7E33DBAE13}"
EndProject
Project("{FAE04EC0-301F-11D3-BF4B-00C04F79EFBC}") = "Infrastructure", "Infrastructure\Infrastructure.csproj", "{C9044C8E-197E-432F-A55C-7C579CC18486}"
EndProject
Project("{FAE04EC0-301F-11D3-BF4B-00C04F79EFBC}") = "Domain", "Domain\Domain.csproj", "{4C169940-FB40-4477-B873-331D772A4CD0}"
EndProject
Project("{FAE04EC0-301F-11D3-BF4B-00C04F79EFBC}") = "WebApi", "WebApi\WebApi.csproj", "{77957559-9863-423B-B11E-8ED4525299C6}"
EndProject
Global
	GlobalSection(SolutionConfigurationPlatforms) = preSolution
		Debug|Any CPU = Debug|Any CPU
		Release|Any CPU = Release|Any CPU
	EndGlobalSection
	GlobalSection(ProjectConfigurationPlatforms) = postSolution
		{EE4E39DC-2AB0-4F6C-83CA-29D9D2F45C7B}.Debug|Any CPU.ActiveCfg = Debug|Any CPU
		{EE4E39DC-2AB0-4F6C-83CA-29D9D2F45C7B}.Debug|Any CPU.Build.0 = Debug|Any CPU
		{EE4E39DC-2AB0-4F6C-83CA-29D9D2F45C7B}.Release|Any CPU.ActiveCfg = Release|Any CPU
		{EE4E39DC-2AB0-4F6C-83CA-29D9D2F45C7B}.Release|Any CPU.Build.0 = Release|Any CPU
		{03904464-C436-4609-89D4-8C7E33DBAE13}.Debug|Any CPU.ActiveCfg = Debug|Any CPU
		{03904464-C436-4609-89D4-8C7E33DBAE13}.Debug|Any CPU.Build.0 = Debug|Any CPU
		{03904464-C436-4609-89D4-8C7E33DBAE13}.Release|Any CPU.ActiveCfg = Release|Any CPU
		{03904464-C436-4609-89D4-8C7E33DBAE13}.Release|Any CPU.Build.0 = Release|Any CPU
		{C9044C8E-197E-432F-A55C-7C579CC18486}.Debug|Any CPU.ActiveCfg = Debug|Any CPU
		{C9044C8E-197E-432F-A55C-7C579CC18486}.Debug|Any CPU.Build.0 = Debug|Any CPU
		{C9044C8E-197E-432F-A55C-7C579CC18486}.Release|Any CPU.ActiveCfg = Release|Any CPU
		{C9044C8E-197E-432F-A55C-7C579CC18486}.Release|Any CPU.Build.0 = Release|Any CPU
		{4C169940-FB40-4477-B873-331D772A4CD0}.Debug|Any CPU.ActiveCfg = Debug|Any CPU
		{4C169940-FB40-4477-B873-331D772A4CD0}.Debug|Any CPU.Build.0 = Debug|Any CPU
		{4C169940-FB40-4477-B873-331D772A4CD0}.Release|Any CPU.ActiveCfg = Release|Any CPU
		{4C169940-FB40-4477-B873-331D772A4CD0}.Release|Any CPU.Build.0 = Release|Any CPU
		{77957559-9863-423B-B11E-8ED4525299C6}.Debug|Any CPU.ActiveCfg = Debug|Any CPU
		{77957559-9863-423B-B11E-8ED4525299C6}.Debug|Any CPU.Build.0 = Debug|Any CPU
		{77957559-9863-423B-B11E-8ED4525299C6}.Release|Any CPU.ActiveCfg = Release|Any CPU
		{77957559-9863-423B-B11E-8ED4525299C6}.Release|Any CPU.Build.0 = Release|Any CPU
	EndGlobalSection
	GlobalSection(SolutionProperties) = preSolution
		HideSolutionNode = FALSE
	EndGlobalSection
	GlobalSection(NestedProjects) = preSolution
		{EE4E39DC-2AB0-4F6C-83CA-29D9D2F45C7B} = {7014EAB1-A156-410A-859F-860128CCC043}
		{03904464-C436-4609-89D4-8C7E33DBAE13} = {85AFDDF3-B8F1-42B2-9B9E-83CADF2C1222}
		{C9044C8E-197E-432F-A55C-7C579CC18486} = {6150B3E1-6003-4974-ACB8-3663CE6591D4}
		{4C169940-FB40-4477-B873-331D772A4CD0} = {D4FFAE9F-6109-469C-9C72-40BB577C6977}
		{77957559-9863-423B-B11E-8ED4525299C6} = {DB00AA5E-C494-4DA9-8B49-A6298A21FEF4}
	EndGlobalSection
	GlobalSection(ExtensibilityGlobals) = postSolution
		SolutionGuid = {25CDDC71-1DE4-4E61-807F-C3F65CF23DC2}
	EndGlobalSection
EndGlobal
